
Microsoft Visual Studio Solution File, Format Version 12.00
# Visual Studio Version 16
VisualStudioVersion = 16.0.30717.126
MinimumVisualStudioVersion = 10.0.40219.1
Project("{FAE04EC0-301F-11D3-BF4B-00C04F79EFBC}") = "Pudełko", "Pudełko.csproj", "{032E255D-0AD0-47F2-8524-9F667FF40689}"
EndProject
Project("{FAE04EC0-301F-11D3-BF4B-00C04F79EFBC}") = "PudelkoLibrary", "..\PudelkoLibrary\PudelkoLibrary.csproj", "{38E8E58B-A38B-4196-9FB5-C78E3CE2DC56}"
EndProject
Project("{FAE04EC0-301F-11D3-BF4B-00C04F79EFBC}") = "UnitTestPudelko", "..\UnitTestPudelko\UnitTestPudelko.csproj", "{C7D8FFFE-9F53-4CBC-A24A-E2D188EA44AA}"
EndProject
Global
	GlobalSection(SolutionConfigurationPlatforms) = preSolution
		Debug|Any CPU = Debug|Any CPU
		Release|Any CPU = Release|Any CPU
	EndGlobalSection
	GlobalSection(ProjectConfigurationPlatforms) = postSolution
		{032E255D-0AD0-47F2-8524-9F667FF40689}.Debug|Any CPU.ActiveCfg = Debug|Any CPU
		{032E255D-0AD0-47F2-8524-9F667FF40689}.Debug|Any CPU.Build.0 = Debug|Any CPU
		{032E255D-0AD0-47F2-8524-9F667FF40689}.Release|Any CPU.ActiveCfg = Release|Any CPU
		{032E255D-0AD0-47F2-8524-9F667FF40689}.Release|Any CPU.Build.0 = Release|Any CPU
		{38E8E58B-A38B-4196-9FB5-C78E3CE2DC56}.Debug|Any CPU.ActiveCfg = Debug|Any CPU
		{38E8E58B-A38B-4196-9FB5-C78E3CE2DC56}.Debug|Any CPU.Build.0 = Debug|Any CPU
		{38E8E58B-A38B-4196-9FB5-C78E3CE2DC56}.Release|Any CPU.ActiveCfg = Release|Any CPU
		{38E8E58B-A38B-4196-9FB5-C78E3CE2DC56}.Release|Any CPU.Build.0 = Release|Any CPU
		{C7D8FFFE-9F53-4CBC-A24A-E2D188EA44AA}.Debug|Any CPU.ActiveCfg = Debug|Any CPU
		{C7D8FFFE-9F53-4CBC-A24A-E2D188EA44AA}.Debug|Any CPU.Build.0 = Debug|Any CPU
		{C7D8FFFE-9F53-4CBC-A24A-E2D188EA44AA}.Release|Any CPU.ActiveCfg = Release|Any CPU
		{C7D8FFFE-9F53-4CBC-A24A-E2D188EA44AA}.Release|Any CPU.Build.0 = Release|Any CPU
	EndGlobalSection
	GlobalSection(SolutionProperties) = preSolution
		HideSolutionNode = FALSE
	EndGlobalSection
	GlobalSection(ExtensibilityGlobals) = postSolution
		SolutionGuid = {BDAC3617-7E2C-4495-9220-5D99585C6D1B}
	EndGlobalSection
EndGlobal
