Microsoft Visual Studio Solution File, Format Version 12.00
# Visual Studio Version 17
VisualStudioVersion = 17.1.32421.90
MinimumVisualStudioVersion = 10.0.40219.1
Project("{9A19103F-16F7-4668-BE54-9A1E7A4F7556}") = "TimeAndTimePeriod", "TimeAndTimePeriod\TimeAndTimePeriod.csproj", "{E6C6290D-E3CF-4EA5-BA6D-08060C47A89D}"
EndProject
Project("{FAE04EC0-301F-11D3-BF4B-00C04F79EFBC}") = "TimeAndTimePeriodUnitTests", "TimeAndTimePeriodUnitTests\TimeAndTimePeriodUnitTests.csproj", "{C8E0539E-2B73-4E83-B712-0664BC07CC95}"
EndProject
Global
	GlobalSection(SolutionConfigurationPlatforms) = preSolution
		Debug|Any CPU = Debug|Any CPU
		Release|Any CPU = Release|Any CPU
	EndGlobalSection
	GlobalSection(ProjectConfigurationPlatforms) = postSolution
		{E6C6290D-E3CF-4EA5-BA6D-08060C47A89D}.Debug|Any CPU.ActiveCfg = Debug|Any CPU
		{E6C6290D-E3CF-4EA5-BA6D-08060C47A89D}.Debug|Any CPU.Build.0 = Debug|Any CPU
		{E6C6290D-E3CF-4EA5-BA6D-08060C47A89D}.Release|Any CPU.ActiveCfg = Release|Any CPU
		{E6C6290D-E3CF-4EA5-BA6D-08060C47A89D}.Release|Any CPU.Build.0 = Release|Any CPU
		{C8E0539E-2B73-4E83-B712-0664BC07CC95}.Debug|Any CPU.ActiveCfg = Debug|Any CPU
		{C8E0539E-2B73-4E83-B712-0664BC07CC95}.Debug|Any CPU.Build.0 = Debug|Any CPU
		{C8E0539E-2B73-4E83-B712-0664BC07CC95}.Release|Any CPU.ActiveCfg = Release|Any CPU
		{C8E0539E-2B73-4E83-B712-0664BC07CC95}.Release|Any CPU.Build.0 = Release|Any CPU
	EndGlobalSection
	GlobalSection(SolutionProperties) = preSolution
		HideSolutionNode = FALSE
	EndGlobalSection
	GlobalSection(ExtensibilityGlobals) = postSolution
		SolutionGuid = {C4C35EE2-75B6-4B28-A115-2B17CF251345}
	EndGlobalSection
EndGlobal
