
Microsoft Visual Studio Solution File, Format Version 12.00
# Visual Studio Version 16
VisualStudioVersion = 16.0.31112.23
MinimumVisualStudioVersion = 10.0.40219.1
Project("{9A19103F-16F7-4668-BE54-9A1E7A4F7556}") = "SBANK - Sorting Bank Accounts", "SBANK - Sorting Bank Accounts\SBANK - Sorting Bank Accounts.csproj", "{7F414C94-F62F-4548-90F1-67C455A5E663}"
EndProject
Project("{FAE04EC0-301F-11D3-BF4B-00C04F79EFBC}") = "FasterWay", "FasterWay\FasterWay.csproj", "{E23A3647-8DB5-4A87-AD60-4FFE56E2AE7D}"
EndProject
Global
	GlobalSection(SolutionConfigurationPlatforms) = preSolution
		Debug|Any CPU = Debug|Any CPU
		Release|Any CPU = Release|Any CPU
	EndGlobalSection
	GlobalSection(ProjectConfigurationPlatforms) = postSolution
		{7F414C94-F62F-4548-90F1-67C455A5E663}.Debug|Any CPU.ActiveCfg = Debug|Any CPU
		{7F414C94-F62F-4548-90F1-67C455A5E663}.Debug|Any CPU.Build.0 = Debug|Any CPU
		{7F414C94-F62F-4548-90F1-67C455A5E663}.Release|Any CPU.ActiveCfg = Release|Any CPU
		{7F414C94-F62F-4548-90F1-67C455A5E663}.Release|Any CPU.Build.0 = Release|Any CPU
		{E23A3647-8DB5-4A87-AD60-4FFE56E2AE7D}.Debug|Any CPU.ActiveCfg = Debug|Any CPU
		{E23A3647-8DB5-4A87-AD60-4FFE56E2AE7D}.Debug|Any CPU.Build.0 = Debug|Any CPU
		{E23A3647-8DB5-4A87-AD60-4FFE56E2AE7D}.Release|Any CPU.ActiveCfg = Release|Any CPU
		{E23A3647-8DB5-4A87-AD60-4FFE56E2AE7D}.Release|Any CPU.Build.0 = Release|Any CPU
	EndGlobalSection
	GlobalSection(SolutionProperties) = preSolution
		HideSolutionNode = FALSE
	EndGlobalSection
	GlobalSection(ExtensibilityGlobals) = postSolution
		SolutionGuid = {DBE53E9C-F572-4938-8B7B-72F1DC605A33}
	EndGlobalSection
EndGlobal
