
Microsoft Visual Studio Solution File, Format Version 12.00
# Visual Studio Version 16
VisualStudioVersion = 16.0.31205.134
MinimumVisualStudioVersion = 10.0.40219.1
Project("{FAE04EC0-301F-11D3-BF4B-00C04F79EFBC}") = "KM003Z01 - Czas24h", "KM003Z01 - Czas24h\KM003Z01 - Czas24h.csproj", "{F513A6AE-9BA6-428D-9779-BDF7FDE24782}"
EndProject
Global
	GlobalSection(SolutionConfigurationPlatforms) = preSolution
		Debug|Any CPU = Debug|Any CPU
		Release|Any CPU = Release|Any CPU
	EndGlobalSection
	GlobalSection(ProjectConfigurationPlatforms) = postSolution
		{F513A6AE-9BA6-428D-9779-BDF7FDE24782}.Debug|Any CPU.ActiveCfg = Debug|Any CPU
		{F513A6AE-9BA6-428D-9779-BDF7FDE24782}.Debug|Any CPU.Build.0 = Debug|Any CPU
		{F513A6AE-9BA6-428D-9779-BDF7FDE24782}.Release|Any CPU.ActiveCfg = Release|Any CPU
		{F513A6AE-9BA6-428D-9779-BDF7FDE24782}.Release|Any CPU.Build.0 = Release|Any CPU
	EndGlobalSection
	GlobalSection(SolutionProperties) = preSolution
		HideSolutionNode = FALSE
	EndGlobalSection
	GlobalSection(ExtensibilityGlobals) = postSolution
		SolutionGuid = {6F1EEB75-D74C-4178-8C8D-25310F7F4AA9}
	EndGlobalSection
EndGlobal
