
Microsoft Visual Studio Solution File, Format Version 12.00
# Visual Studio Version 16
VisualStudioVersion = 16.0.31112.23
MinimumVisualStudioVersion = 10.0.40219.1
Project("{FAE04EC0-301F-11D3-BF4B-00C04F79EFBC}") = "Sortowanie bąbelkowe - implementacja", "Sortowanie bąbelkowe - implementacja\Sortowanie bąbelkowe - implementacja.csproj", "{27DE8BC2-CC67-4AB2-9624-6A3EAECD1300}"
EndProject
Global
	GlobalSection(SolutionConfigurationPlatforms) = preSolution
		Debug|Any CPU = Debug|Any CPU
		Release|Any CPU = Release|Any CPU
	EndGlobalSection
	GlobalSection(ProjectConfigurationPlatforms) = postSolution
		{27DE8BC2-CC67-4AB2-9624-6A3EAECD1300}.Debug|Any CPU.ActiveCfg = Debug|Any CPU
		{27DE8BC2-CC67-4AB2-9624-6A3EAECD1300}.Debug|Any CPU.Build.0 = Debug|Any CPU
		{27DE8BC2-CC67-4AB2-9624-6A3EAECD1300}.Release|Any CPU.ActiveCfg = Release|Any CPU
		{27DE8BC2-CC67-4AB2-9624-6A3EAECD1300}.Release|Any CPU.Build.0 = Release|Any CPU
	EndGlobalSection
	GlobalSection(SolutionProperties) = preSolution
		HideSolutionNode = FALSE
	EndGlobalSection
	GlobalSection(ExtensibilityGlobals) = postSolution
		SolutionGuid = {E0FB063E-D123-4DA3-97B3-5AA90B6C5C81}
	EndGlobalSection
EndGlobal
