
Microsoft Visual Studio Solution File, Format Version 12.00
# Visual Studio Version 16
VisualStudioVersion = 16.0.31205.134
MinimumVisualStudioVersion = 10.0.40219.1
Project("{FAE04EC0-301F-11D3-BF4B-00C04F79EFBC}") = "Agregator logów", "Agregator logów\Agregator logów.csproj", "{BC861DAA-5159-4108-B76B-488BD563A579}"
EndProject
Global
	GlobalSection(SolutionConfigurationPlatforms) = preSolution
		Debug|Any CPU = Debug|Any CPU
		Release|Any CPU = Release|Any CPU
	EndGlobalSection
	GlobalSection(ProjectConfigurationPlatforms) = postSolution
		{BC861DAA-5159-4108-B76B-488BD563A579}.Debug|Any CPU.ActiveCfg = Debug|Any CPU
		{BC861DAA-5159-4108-B76B-488BD563A579}.Debug|Any CPU.Build.0 = Debug|Any CPU
		{BC861DAA-5159-4108-B76B-488BD563A579}.Release|Any CPU.ActiveCfg = Release|Any CPU
		{BC861DAA-5159-4108-B76B-488BD563A579}.Release|Any CPU.Build.0 = Release|Any CPU
	EndGlobalSection
	GlobalSection(SolutionProperties) = preSolution
		HideSolutionNode = FALSE
	EndGlobalSection
	GlobalSection(ExtensibilityGlobals) = postSolution
		SolutionGuid = {CD96BEF9-4454-44C3-8C5C-4D20CEEDB548}
	EndGlobalSection
EndGlobal
