
Microsoft Visual Studio Solution File, Format Version 12.00
# Visual Studio Version 16
VisualStudioVersion = 16.0.31112.23
MinimumVisualStudioVersion = 10.0.40219.1
Project("{FAE04EC0-301F-11D3-BF4B-00C04F79EFBC}") = "SMPSEQ4 - Fun with Sequences", "SMPSEQ4 - Fun with Sequences\SMPSEQ4 - Fun with Sequences.csproj", "{3D9AA9FB-AB93-4CF5-9B7C-684A384E04D8}"
EndProject
Global
	GlobalSection(SolutionConfigurationPlatforms) = preSolution
		Debug|Any CPU = Debug|Any CPU
		Release|Any CPU = Release|Any CPU
	EndGlobalSection
	GlobalSection(ProjectConfigurationPlatforms) = postSolution
		{3D9AA9FB-AB93-4CF5-9B7C-684A384E04D8}.Debug|Any CPU.ActiveCfg = Debug|Any CPU
		{3D9AA9FB-AB93-4CF5-9B7C-684A384E04D8}.Debug|Any CPU.Build.0 = Debug|Any CPU
		{3D9AA9FB-AB93-4CF5-9B7C-684A384E04D8}.Release|Any CPU.ActiveCfg = Release|Any CPU
		{3D9AA9FB-AB93-4CF5-9B7C-684A384E04D8}.Release|Any CPU.Build.0 = Release|Any CPU
	EndGlobalSection
	GlobalSection(SolutionProperties) = preSolution
		HideSolutionNode = FALSE
	EndGlobalSection
	GlobalSection(ExtensibilityGlobals) = postSolution
		SolutionGuid = {E4BBFAE6-CE80-41FC-863E-D86B4931D0D5}
	EndGlobalSection
EndGlobal
