
Microsoft Visual Studio Solution File, Format Version 12.00
# Visual Studio Version 16
VisualStudioVersion = 16.0.31112.23
MinimumVisualStudioVersion = 10.0.40219.1
Project("{FAE04EC0-301F-11D3-BF4B-00C04F79EFBC}") = "LED Numbers", "LED Numbers\LED Numbers.csproj", "{4F78CBD1-E9D1-4536-AB21-63CB864A6723}"
EndProject
Global
	GlobalSection(SolutionConfigurationPlatforms) = preSolution
		Debug|Any CPU = Debug|Any CPU
		Release|Any CPU = Release|Any CPU
	EndGlobalSection
	GlobalSection(ProjectConfigurationPlatforms) = postSolution
		{4F78CBD1-E9D1-4536-AB21-63CB864A6723}.Debug|Any CPU.ActiveCfg = Debug|Any CPU
		{4F78CBD1-E9D1-4536-AB21-63CB864A6723}.Debug|Any CPU.Build.0 = Debug|Any CPU
		{4F78CBD1-E9D1-4536-AB21-63CB864A6723}.Release|Any CPU.ActiveCfg = Release|Any CPU
		{4F78CBD1-E9D1-4536-AB21-63CB864A6723}.Release|Any CPU.Build.0 = Release|Any CPU
	EndGlobalSection
	GlobalSection(SolutionProperties) = preSolution
		HideSolutionNode = FALSE
	EndGlobalSection
	GlobalSection(ExtensibilityGlobals) = postSolution
		SolutionGuid = {D5F3060B-4244-457D-868D-EC6937A13B7A}
	EndGlobalSection
EndGlobal
