
Microsoft Visual Studio Solution File, Format Version 12.00
# Visual Studio Version 16
VisualStudioVersion = 16.0.31205.134
MinimumVisualStudioVersion = 10.0.40219.1
Project("{FAE04EC0-301F-11D3-BF4B-00C04F79EFBC}") = "CPTTRN4", "CPTTRN4\CPTTRN4.csproj", "{990455EE-5390-46B9-9242-DE1ED1398351}"
EndProject
Global
	GlobalSection(SolutionConfigurationPlatforms) = preSolution
		Debug|Any CPU = Debug|Any CPU
		Release|Any CPU = Release|Any CPU
	EndGlobalSection
	GlobalSection(ProjectConfigurationPlatforms) = postSolution
		{990455EE-5390-46B9-9242-DE1ED1398351}.Debug|Any CPU.ActiveCfg = Debug|Any CPU
		{990455EE-5390-46B9-9242-DE1ED1398351}.Debug|Any CPU.Build.0 = Debug|Any CPU
		{990455EE-5390-46B9-9242-DE1ED1398351}.Release|Any CPU.ActiveCfg = Release|Any CPU
		{990455EE-5390-46B9-9242-DE1ED1398351}.Release|Any CPU.Build.0 = Release|Any CPU
	EndGlobalSection
	GlobalSection(SolutionProperties) = preSolution
		HideSolutionNode = FALSE
	EndGlobalSection
	GlobalSection(ExtensibilityGlobals) = postSolution
		SolutionGuid = {FB6AB840-7B51-4F57-953F-1BDF36FB76E8}
	EndGlobalSection
EndGlobal
